version = 1
revision = 3
requires-python = ">=3.13"

[[package]]
name = "anyio"
version = "4.14.2"
source = { registry = "https://pypi.org/simple" }
dependencies = [
    { name = "idna" },
]
sdist = { url = "https://files.pythonhosted.org/packages/61/cc/a381afa6efea9f496eff839d4a6a1aed3bfafc7b3ab4b0d1b243a12573dd/anyio-4.14.2.tar.gz", hash = "sha256:cfa139f3ed1a23ee8f88a145ddb5ac7605b8bbfd8592baacd7ce3d8bb4313c7f", size = 260176, upload-time = "2026-07-12T20:29:07.082Z" }
wheels = [
    { url = "https://files.pythonhosted.org/packages/da/35/f2287558c17e29fafc8ef3daf819bb9834061cfa43bff8014f7df7f63bdc/anyio-4.14.2-py3-none-any.whl", hash = "sha256:9f505dda5ac9f0c8309b5e8bd445a8c2bf7246f3ce950121e45ea15bc41d1494", size = 125813, upload-time = "2026-07-12T20:29:05.763Z" },
]

[[package]]
name = "attrs"
version = "26.1.0"
source = { registry = "https://pypi.org/simple" }
sdist = { url = "https://files.pythonhosted.org/packages/9a/8e/82a0fe20a541c03148528be8cac2408564a6c9a0cc7e9171802bc1d26985/attrs-26.1.0.tar.gz", hash = "sha256:d03ceb89cb322a8fd706d4fb91940737b6642aa36998fe130a9bc96c985eff32", size = 952055, upload-time = "2026-03-19T14:22:25.026Z" }
wheels = [
    { url = "https://files.pythonhosted.org/packages/64/b4/17d4b0b2a2dc85a6df63d1157e028ed19f90d4cd97c36717afef2bc2f395/attrs-26.1.0-py3-none-any.whl", hash = "sha256:c647aa4a12dfbad9333ca4e71fe62ddc36f4e63b2d260a37a8b83d2f043ac309", size = 67548, upload-time = "2026-03-19T14:22:23.645Z" },
]

[[package]]
name = "certifi"
version = "2026.7.22"
source = { registry = "https://pypi.org/simple" }
sdist = { url = "https://files.pythonhosted.org/packages/a3/c2/24167ea9858356b47a87a50d39908bfdb72ceeefe0041586e704e5376b3a/certifi-2026.7.22.tar.gz", hash = "sha256:741e2c3b351ddf169a738da9f2c048608ff7f2c5cc02f1ebc6b118bb090d5d55", size = 138112, upload-time = "2026-07-22T03:35:12.644Z" }
wheels = [
    { url = "https://files.pythonhosted.org/packages/0b/a7/71ac2cff56fec219ed242bb11b8efb69fcc4bec75db06fb7bfe35de520e6/certifi-2026.7.22-py3-none-any.whl", hash = "sha256:62f22742b58a1a33014a2b6b706588a8d7e2a88ae7bd1a6ebe8c992928483775", size = 136983, upload-time = "2026-07-22T03:35:11.276Z" },
]

[[package]]
name = "click"
version = "8.4.2"
source = { registry = "https://pypi.org/simple" }
dependencies = [
    { name = "colorama", marker = "sys_platform == 'win32'" },
]
sdist = { url = "https://files.pythonhosted.org/packages/76/d4/81420972a676e8ffea40450d8c8c92943e7218a78fe9b64359836cc9876b/click-8.4.2.tar.gz", hash = "sha256:9a6cea6e60b17ebe0a44c5cc636d94f09bd66142c1cd7d8b4cd731c4917a15f6", size = 338000, upload-time = "2026-06-24T17:45:15.148Z" }
wheels = [
    { url = "https://files.pythonhosted.org/packages/fb/e2/79c688af8b210d232694e31e59da9f6ec747bae31c3f5946e4e9b98860d5/click-8.4.2-py3-none-any.whl", hash = "sha256:e6f9f66136c816745b9d65817da91d61d957fb16e02e4dcd0552553c5a197b76", size = 119243, upload-time = "2026-06-24T17:45:13.73Z" },
]

[[package]]
name = "colorama"
version = "0.4.6"
source = { registry = "https://pypi.org/simple" }
sdist = { url = "https://files.pythonhosted.org/packages/d8/53/6f443c9a4a8358a93a6792e2acffb9d9d5cb0a5cfd8802644b7b1c9a02e4/colorama-0.4.6.tar.gz", hash = "sha256:08695f5cb7ed6e0531a20572697297273c47b8cae5a63ffc6d6ed5c201be6e44", size = 27697, upload-time = "2022-10-25T02:36:22.414Z" }
wheels = [
    { url = "https://files.pythonhosted.org/packages/d1/d6/3965ed04c63042e047cb6a3e6ed1a63a35087b6a609aa3a15ed8ac56c221/colorama-0.4.6-py2.py3-none-any.whl", hash = "sha256:4f1d9991f5acc0ca119f9d443620b77f9d6b33703e51011c16baf57afb285fc6", size = 25335, upload-time = "2022-10-25T02:36:20.889Z" },
]

[[package]]
name = "h11"
version = "0.16.0"
source = { registry = "https://pypi.org/simple" }
sdist = { url = "https://files.pythonhosted.org/packages/01/ee/02a2c011bdab74c6fb3c75474d40b3052059d95df7e73351460c8588d963/h11-0.16.0.tar.gz", hash = "sha256:4e35b956cf45792e4caa5885e69fba00bdbc6ffafbfa020300e549b208ee5ff1", size = 101250, upload-time = "2025-04-24T03:35:25.427Z" }
wheels = [
    { url = "https://files.pythonhosted.org/packages/04/4b/29cac41a4d98d144bf5f6d33995617b185d14b22401f75ca86f384e87ff1/h11-0.16.0-py3-none-any.whl", hash = "sha256:63cf8bbe7522de3bf65932fda1d9c2772064ffb3dae62d55932da54b31cb6c86", size = 37515, upload-time = "2025-04-24T03:35:24.344Z" },
]

[[package]]
name = "httpcore"
version = "1.0.9"
source = { registry = "https://pypi.org/simple" }
dependencies = [
    { name = "certifi" },
    { name = "h11" },
]
sdist = { url = "https://files.pythonhosted.org/packages/06/94/82699a10bca87a5556c9c59b5963f2d039dbd239f25bc2a63907a05a14cb/httpcore-1.0.9.tar.gz", hash = "sha256:6e34463af53fd2ab5d807f399a9b45ea31c3dfa2276f15a2c3f00afff6e176e8", size = 85484, upload-time = "2025-04-24T22:06:22.219Z" }
wheels = [
    { url = "https://files.pythonhosted.org/packages/7e/f5/f66802a942d491edb555dd61e3a9961140fd64c90bce1eafd741609d334d/httpcore-1.0.9-py3-none-any.whl", hash = "sha256:2d400746a40668fc9dec9810239072b40b4484b640a8c38fd654a024c7a1bf55", size = 78784, upload-time = "2025-04-24T22:06:20.566Z" },
]

[[package]]
name = "httpx"
version = "0.28.1"
source = { registry = "https://pypi.org/simple" }
dependencies = [
    { name = "anyio" },
    { name = "certifi" },
    { name = "httpcore" },
    { name = "idna" },
]
sdist = { url = "https://files.pythonhosted.org/packages/b1/df/48c586a5fe32a0f01324ee087459e112ebb7224f646c0b5023f5e79e9956/httpx-0.28.1.tar.gz", hash = "sha256:75e98c5f16b0f35b567856f597f06ff2270a374470a5c2392242528e3e3e42fc", size = 141406, upload-time = "2024-12-06T15:37:23.222Z" }
wheels = [
    { url = "https://files.pythonhosted.org/packages/2a/39/e50c7c3a983047577ee07d2a9e53faf5a69493943ec3f6a384bdc792deb2/httpx-0.28.1-py3-none-any.whl", hash = "sha256:d909fcccc110f8c7faf814ca82a9a4d816bc5a6dbfea25d6591d6985b8ba59ad", size = 73517, upload-time = "2024-12-06T15:37:21.509Z" },
]

[[package]]
name = "hypothesis"
version = "6.165.0"
source = { registry = "https://pypi.org/simple" }
dependencies = [
    { name = "sortedcontainers" },
]
sdist = { url = "https://files.pythonhosted.org/packages/5e/6f/324d76c305075036519f63f986e81e8c3f7d0a3510eb88510bc407967ab0/hypothesis-6.165.0.tar.gz", hash = "sha256:b54e86cb1d7d049eb934e7843f179889252263b24290ebd38549466c9c9351d9", size = 493017, upload-time = "2026-08-02T00:20:26.755Z" }
wheels = [
    { url = "https://files.pythonhosted.org/packages/18/f2/c85859811281475dc3dddd628979be6683ea5012494316250d29a6d9d72a/hypothesis-6.165.0-cp310-abi3-macosx_10_12_x86_64.whl", hash = "sha256:dda3707dfdfdc1397b7489ecb81534f47f22f98d468c51c92d591d6967c58b29", size = 772599, upload-time = "2026-08-02T00:19:34.099Z" },
    { url = "https://files.pythonhosted.org/packages/a0/05/a28b2ad55773b36812a1ad6f88d55b051ef324c606efa880c78ccceefbd6/hypothesis-6.165.0-cp310-abi3-macosx_11_0_arm64.whl", hash = "sha256:a384468744915435a25a9f2dcd0a74e9f78f8d56cb51f5ea1c1c4973bd40bd5b", size = 768129, upload-time = "2026-08-02T00:19:38.326Z" },
    { url = "https://files.pythonhosted.org/packages/58/ab/3567e7f5aa16319ee9e0fb014e588149e4ef6080028fc07f2748deed9f0d/hypothesis-6.165.0-cp310-abi3-manylinux_2_17_aarch64.manylinux2014_aarch64.whl", hash = "sha256:d65562b9866a5a4be4c731bd4018152861997675b92ed6d0f29e925999928f9a", size = 1097411, upload-time = "2026-08-02T00:18:58.073Z" },
    { url = "https://files.pythonhosted.org/packages/bd/5d/312c3b3831183668beff6974a290390f2327846e3bd0baa44f116eecc1bc/hypothesis-6.165.0-cp310-abi3-manylinux_2_17_armv7l.manylinux2014_armv7l.whl", hash = "sha256:b402560b0463e643170d904a5987f61bc388718f7b48d4521b7a5b22e6a27019", size = 1125993, upload-time = "2026-08-02T00:19:36.967Z" },
    { url = "https://files.pythonhosted.org/packages/bd/39/f47f529c41853d56c0ceac5dcb69a6ffae43d1367877575b2b57c9c60fb3/hypothesis-6.165.0-cp310-abi3-manylinux_2_17_x86_64.manylinux2014_x86_64.whl", hash = "sha256:c1e134b573c18fb7e79f915ccad3585f81c0b92ff7cf89f6c0b0d966a5ac5156", size = 1146830, upload-time = "2026-08-02T00:19:07.51Z" },
    { url = "https://files.pythonhosted.org/packages/fd/9f/4d613a35b834c602499746c0d8036aa5c0a9b2c7a23f294292a132a352db/hypothesis-6.165.0-cp310-abi3-manylinux_2_31_riscv64.whl", hash = "sha256:22d3b846796593117a1227b6d9e8c0c1269ce6327fa6345fb50f24a038e1a0c1", size = 1102233, upload-time = "2026-08-02T00:20:25.053Z" },
    { url = "https://files.pythonhosted.org/packages/7f/69/f11136ed8feac210f247dcad53c9a5cbcf067ae42d4d51c9ba61640aafc1/hypothesis-6.165.0-cp310-abi3-manylinux_2_5_i686.manylinux1_i686.whl", hash = "sha256:47d419899477ed35704d4f90f82aadbaa50080d7d0ff33db6727bbc4b1c3956d", size = 1138969, upload-time = "2026-08-02T00:19:32.587Z" },
    { url = "https://files.pythonhosted.org/packages/b2/ad/dbd5e97bf214993033ddb93f199d99410be33d7f997996c8dc2f6255edfc/hypothesis-6.165.0-cp310-abi3-musllinux_1_2_aarch64.whl", hash = "sha256:71721d9de23b60f5436a1b8b8fddccd6df606efbb406f36254195089974518ee", size = 1271210, upload-time = "2026-08-02T00:20:16.318Z" },
    { url = "https://files.pythonhosted.org/packages/9f/f1/db4ecb5f01cebc19ccfe8b4b170fa211f2cfd22946ca8c9f4007eba59140/hypothesis-6.165.0-cp310-abi3-musllinux_1_2_armv7l.whl", hash = "sha256:584734f6380f1965498bff2f72af307c182b3398a9c4e1b2f31e43dd1aa9c922", size = 1399053, upload-time = "2026-08-02T00:19:55.646Z" },
    { url = "https://files.pythonhosted.org/packages/68/15/205570c5f3935e074b93c7b6bda87889039d59ba39426c70e7c93bfdc939/hypothesis-6.165.0-cp310-abi3-musllinux_1_2_riscv64.whl", hash = "sha256:61d99c493f759809e64dbe544a47948537460c9f03f916d66291bb63965fc91a", size = 1271824, upload-time = "2026-08-02T00:19:52.519Z" },
    { url = "https://files.pythonhosted.org/packages/fb/5e/d77c9cf07bd4a7b2c386cc7f8eba6c614d62723e830d0366ca2381f35cb1/hypothesis-6.165.0-cp310-abi3-musllinux_1_2_x86_64.whl", hash = "sha256:68629657d49b7dba3f061d0224441df068c0c03e7a17efc278782f637d810db7", size = 1313877, upload-time = "2026-08-02T00:19:13.765Z" },
    { url = "https://files.pythonhosted.org/packages/38/46/6e7f945c465b94951bb91bbc50cb1dc847a749d32e1e5efd6e47a5a7747b/hypothesis-6.165.0-cp310-abi3-win32.whl", hash = "sha256:90633ec15635385723d29a1e9b6fe8f63e17b33641353c6b58fc7d277672ef29", size = 658400, upload-time = "2026-08-02T00:19:31.133Z" },
    { url = "https://files.pythonhosted.org/packages/06/c5/81519854c72e1f57ec44df6484f6a34f1789f1fc4c0b8647d2fd1e28d25c/hypothesis-6.165.0-cp310-abi3-win_amd64.whl", hash = "sha256:bab53228c59978c74c87dba27db4656feaf991f20db5242ea263531477227247", size = 664538, upload-time = "2026-08-02T00:20:02.436Z" },
    { url = "https://files.pythonhosted.org/packages/e3/d4/3418ba26110b6c29e866bf1baa5b2d447827d00811e181be12ce08aebb9c/hypothesis-6.165.0-cp313-cp313-macosx_10_12_x86_64.whl", hash = "sha256:82385ff61d309b77097580e7200dc3e038f5eb78d3fe1a4aa0d110e5f1afa9df", size = 774071, upload-time = "2026-08-02T00:19:23.829Z" },
    { url = "https://files.pythonhosted.org/packages/aa/f4/d89ab31f52ecbcc8328d25add616b9d530a5f76003ae4ac5a9bfc7080db5/hypothesis-6.165.0-cp313-cp313-macosx_11_0_arm64.whl", hash = "sha256:2e7b277f56786ec0730cd3e428ea3611b59e3ecae3382553f3fea958e8c2c25f", size = 765718, upload-time = "2026-08-02T00:19:35.595Z" },
    { url = "https://files.pythonhosted.org/packages/06/13/10a32a1e3ba78c3b66281aa1e2764269765ad058fb977d6b62dc6679e63a/hypothesis-6.165.0-cp313-cp313-manylinux_2_17_aarch64.manylinux2014_aarch64.whl", hash = "sha256:c73d3d4e57a00122a2657ae400b8d066fd0cfa1621c6aa3a6b38dd4b4c268035", size = 1096108, upload-time = "2026-08-02T00:20:09.316Z" },
    { url = "https://files.pythonhosted.org/packages/ef/87/f16688e373b982f6fb3bf0edd4aa42eb731e8a758582052ec1bfe7c93b30/hypothesis-6.165.0-cp313-cp313-manylinux_2_17_x86_64.manylinux2014_x86_64.whl", hash = "sha256:89b41b1daa93c9e544cdad636ec87d4a45169d1922c6aff80fa282cd1edeeb74", size = 1146051, upload-time = "2026-08-02T00:19:49.262Z" },
    { url = "https://files.pythonhosted.org/packages/af/2f/a560867b9be5c908e379c4a308a7e44b8082e18faf4096b5a0708497ba30/hypothesis-6.165.0-cp313-cp313-musllinux_1_2_aarch64.whl", hash = "sha256:3b2fef387ec63e60c85db6c4fc95b07a6b7f35c971381997c862d309af9e1e4b", size = 1269056, upload-time = "2026-08-02T00:20:21.588Z" },
    { url = "https://files.pythonhosted.org/packages/0b/60/35d03cf44a7803622fa39121e8c674253175890a9b081ae0b8137a1d32ef/hypothesis-6.165.0-cp313-cp313-musllinux_1_2_x86_64.whl", hash = "sha256:c681bdf0036ba7923b7c4225937a48e12db7029a286b51ddc03d9b08afe2f040", size = 1312946, upload-time = "2026-08-02T00:19:12.547Z" },
    { url = "https://files.pythonhosted.org/packages/30/a9/1b587430b9ec6576fdafa102657d70d456b5694db45ee21fba88aa0c8ea1/hypothesis-6.165.0-cp313-cp313-win_amd64.whl", hash = "sha256:29edc5a08334985cea55afe6ab564c147e4b804179265eb303c9ed8e494c211b", size = 661683, upload-time = "2026-08-02T00:19:29.812Z" },
    { url = "https://files.pythonhosted.org/packages/04/b5/4aab253b312334cf2d475ff8a0a2136eef6af091f9f33ce37275864437fd/hypothesis-6.165.0-cp314-cp314-macosx_10_12_x86_64.whl", hash = "sha256:6536572500e926ec8128069fda8bbcd13019484e0d5c1b4a82b6ef50417bcfbe", size = 774311, upload-time = "2026-08-02T00:19:41.234Z" },
    { url = "https://files.pythonhosted.org/packages/fb/97/85363607d7303080d8e48277d5ff56e7fb2ad5792f5fe97e66e16f5fcce0/hypothesis-6.165.0-cp314-cp314-macosx_11_0_arm64.whl", hash = "sha256:d86c82a7796d124643d146eef00d873d336d1792a682096358bfee82dde34879", size = 765857, upload-time = "2026-08-02T00:19:08.724Z" },
    { url = "https://files.pythonhosted.org/packages/f9/80/415bd4b25fa2acc07228f7f86a438cc31d1caccf0c5ab49210b32e895990/hypothesis-6.165.0-cp314-cp314-manylinux_2_17_aarch64.manylinux2014_aarch64.whl", hash = "sha256:9b646658e06b72b2bd2396ffe7a08a0edcfa799f649db22e1d59cc8bd5d174e6", size = 1096607, upload-time = "2026-08-02T00:20:04.23Z" },
    { url = "https://files.pythonhosted.org/packages/43/f2/95786f14932fc76273829e20d43185c4fe9a30b5930108895b0b805566ac/hypothesis-6.165.0-cp314-cp314-manylinux_2_17_x86_64.manylinux2014_x86_64.whl", hash = "sha256:4e0fb8c29ad35fefa25f38c0bbc1b2eee28d1e4a796a977491445b05d11cb1ae", size = 1146225, upload-time = "2026-08-02T00:19:01.717Z" },
    { url = "https://files.pythonhosted.org/packages/fb/90/9284f79a7e03f8185433dfd4eb2eef64a2766e160a82f3b108d35cd5d0e9/hypothesis-6.165.0-cp314-cp314-musllinux_1_2_aarch64.whl", hash = "sha256:a998176a8cf1b1914c5cf8beef0b74d0065482aa2a4d0c708e63216245d968c7", size = 1269388, upload-time = "2026-08-02T00:20:12.785Z" },
    { url = "https://files.pythonhosted.org/packages/90/d6/e91cbc7e5c7b740ba8e5195d114f87281b4ee36f534c488aa06a4ef2eba4/hypothesis-6.165.0-cp314-cp314-musllinux_1_2_x86_64.whl", hash = "sha256:510518cb4259916685151aa41c44a3999534c35eee921dcfbc4ea4e4631bd6d2", size = 1313262, upload-time = "2026-08-02T00:19:00.584Z" },
    { url = "https://files.pythonhosted.org/packages/1b/4f/3c5350ef157e039c1624f16495b35d7930c63946d7b07b8c2fe80537f8e8/hypothesis-6.165.0-cp314-cp314-pyemscripten_2026_0_wasm32.whl", hash = "sha256:1f786c76577ec0639390baf0b4c12491fa909131e41de76078a4a886ccd40661", size = 605819, upload-time = "2026-08-02T00:19:50.814Z" },
    { url = "https://files.pythonhosted.org/packages/66/46/59cb3bd95346ba9626b72af40cff43a95d0b4554bb5f4bdc59cc8724924b/hypothesis-6.165.0-cp314-cp314-win_amd64.whl", hash = "sha256:0bbc39067ba06514fc0c934c34863492403ffc708a07d6a506b9460058550127", size = 661568, upload-time = "2026-08-02T00:20:14.452Z" },
    { url = "https://files.pythonhosted.org/packages/30/d3/bcda5097a4535b8bb8f3ca94cce103e59149db16923732d06121c9f23a56/hypothesis-6.165.0-cp314-cp314t-macosx_10_12_x86_64.whl", hash = "sha256:38222e75db0f348c8ddaab10903fc3971846f11363e64efdb4794f34aed6494f", size = 772867, upload-time = "2026-08-02T00:19:19.441Z" },
    { url = "https://files.pythonhosted.org/packages/74/06/3f275d4c2f6977133a2ad1f0c22bc75d7e3f86bc2f279c33228f4a2230e4/hypothesis-6.165.0-cp314-cp314t-macosx_11_0_arm64.whl", hash = "sha256:01c485be9970a40935b2d2f277d751d60aaa910e4dc5ec337828e80c9c8dfdc8", size = 764394, upload-time = "2026-08-02T00:19:22.276Z" },
    { url = "https://files.pythonhosted.org/packages/d2/82/3d3bb9b971946369bf4574595ed0291c49378b6ff372c169fe0da07c036a/hypothesis-6.165.0-cp314-cp314t-manylinux_2_17_aarch64.manylinux2014_aarch64.whl", hash = "sha256:6bcb354b9bfc7dcf5fbcb559cd5b3f48e0d92a4f1f6e5fbcf9fbc8cc82e51e61", size = 1095202, upload-time = "2026-08-02T00:19:25.331Z" },
    { url = "https://files.pythonhosted.org/packages/c1/a4/93c86242ef646f798afde2f406c23b077e86c4bd39d304baa7ef7b31df81/hypothesis-6.165.0-cp314-cp314t-manylinux_2_17_x86_64.manylinux2014_x86_64.whl", hash = "sha256:51dbf9192af532f9081c90f00afb0a7684da5543ccae8ab9507da269b6702ccf", size = 1145134, upload-time = "2026-08-02T00:20:00.737Z" },
    { url = "https://files.pythonhosted.org/packages/34/ec/b0bb70f92bea56be91e5ea431bf0af6a3fd3fd9a70b9106ccc05510d34af/hypothesis-6.165.0-cp314-cp314t-musllinux_1_2_aarch64.whl", hash = "sha256:70dd766e80e575580e635d6661f945ef07055e66075a93fd489d53611cb5a7a1", size = 1267624, upload-time = "2026-08-02T00:19:20.79Z" },
    { url = "https://files.pythonhosted.org/packages/45/9b/d8bfd5410cae98b39145b817304316dc74ece187e03e273b271d1a769dfb/hypothesis-6.165.0-cp314-cp314t-musllinux_1_2_x86_64.whl", hash = "sha256:5e811db36037576b277d8fc390d3fcb94d7924ec861d05adb0cdfd8e3ea86822", size = 1312004, upload-time = "2026-08-02T00:19:39.823Z" },
    { url = "https://files.pythonhosted.org/packages/ee/55/0e2f19c6d75d04f2604ebb36bc561a120fc9173a694130b853a248586860/hypothesis-6.165.0-cp314-cp314t-win_amd64.whl", hash = "sha256:7a14b7905e4aad404c820bd01f8a1272042123233edf04149b847db2c5076584", size = 661693, upload-time = "2026-08-02T00:18:59.486Z" },
]

[[package]]
name = "idna"
version = "3.18"
source = { registry = "https://pypi.org/simple" }
sdist = { url = "https://files.pythonhosted.org/packages/cd/63/9496c57188a2ee585e0f1db071d75089a11e98aa86eb99d9d7618fc1edce/idna-3.18.tar.gz", hash = "sha256:ffb385a7e039654cef1ab9ef32c6fafe283c0c0467bba1d9029738ce4a14a848", size = 196711, upload-time = "2026-06-02T14:34:07.794Z" }
wheels = [
    { url = "https://files.pythonhosted.org/packages/1e/5e/d4e9f1a599fb8e573b7b87160658329fbf28d19eac2718f51fc3def3aa5a/idna-3.18-py3-none-any.whl", hash = "sha256:7f952cbe720b688055e3f87de14f5c3e5fdaa8bc3928985c4077ca689de849a2", size = 65455, upload-time = "2026-06-02T14:34:06.319Z" },
]

[[package]]
name = "iniconfig"
version = "2.3.0"
source = { registry = "https://pypi.org/simple" }
sdist = { url = "https://files.pythonhosted.org/packages/72/34/14ca021ce8e5dfedc35312d08ba8bf51fdd999c576889fc2c24cb97f4f10/iniconfig-2.3.0.tar.gz", hash = "sha256:c76315c77db068650d49c5b56314774a7804df16fee4402c1f19d6d15d8c4730", size = 20503, upload-time = "2025-10-18T21:55:43.219Z" }
wheels = [
    { url = "https://files.pythonhosted.org/packages/cb/b1/3846dd7f199d53cb17f49cba7e651e9ce294d8497c8c150530ed11865bb8/iniconfig-2.3.0-py3-none-any.whl", hash = "sha256:f631c04d2c48c52b84d0d0549c99ff3859c98df65b3101406327ecc7d53fbf12", size = 7484, upload-time = "2025-10-18T21:55:41.639Z" },
]

[[package]]
name = "interrogate"
version = "1.7.0"
source = { registry = "https://pypi.org/simple" }
dependencies = [
    { name = "attrs" },
    { name = "click" },
    { name = "colorama" },
    { name = "py" },
    { name = "tabulate" },
]
sdist = { url = "https://files.pythonhosted.org/packages/8b/22/74f7fcc96280eea46cf2bcbfa1354ac31de0e60a4be6f7966f12cef20893/interrogate-1.7.0.tar.gz", hash = "sha256:a320d6ec644dfd887cc58247a345054fc4d9f981100c45184470068f4b3719b0", size = 159636, upload-time = "2024-04-07T22:30:46.217Z" }
wheels = [
    { url = "https://files.pythonhosted.org/packages/12/c9/6869a1dcf4aaf309b9543ec070be3ec3adebee7c9bec9af8c230494134b9/interrogate-1.7.0-py3-none-any.whl", hash = "sha256:b13ff4dd8403369670e2efe684066de9fcb868ad9d7f2b4095d8112142dc9d12", size = 46982, upload-time = "2024-04-07T22:30:44.277Z" },
]

[[package]]
name = "offgrid"
version = "0.1.0"
source = { editable = "." }
dependencies = [
    { name = "httpx" },
]

[package.dev-dependencies]
dev = [
    { name = "hypothesis" },
    { name = "interrogate" },
    { name = "pytest" },
    { name = "ruff" },
    { name = "ty" },
]

[package.metadata]
requires-dist = [{ name = "httpx", specifier = ">=0.28" }]

[package.metadata.requires-dev]
dev = [
    { name = "hypothesis", specifier = ">=6.140" },
    { name = "interrogate", specifier = ">=1.7" },
    { name = "pytest", specifier = ">=8.4" },
    { name = "ruff", specifier = ">=0.14" },
    { name = "ty", specifier = ">=0.0.1a20" },
]

[[package]]
name = "packaging"
version = "26.2"
source = { registry = "https://pypi.org/simple" }
sdist = { url = "https://files.pythonhosted.org/packages/d7/f1/e7a6dd94a8d4a5626c03e4e99c87f241ba9e350cd9e6d75123f992427270/packaging-26.2.tar.gz", hash = "sha256:ff452ff5a3e828ce110190feff1178bb1f2ea2281fa2075aadb987c2fb221661", size = 228134, upload-time = "2026-04-24T20:15:23.917Z" }
wheels = [
    { url = "https://files.pythonhosted.org/packages/df/b2/87e62e8c3e2f4b32e5fe99e0b86d576da1312593b39f47d8ceef365e95ed/packaging-26.2-py3-none-any.whl", hash = "sha256:5fc45236b9446107ff2415ce77c807cee2862cb6fac22b8a73826d0693b0980e", size = 100195, upload-time = "2026-04-24T20:15:22.081Z" },
]

[[package]]
name = "pluggy"
version = "1.6.0"
source = { registry = "https://pypi.org/simple" }
sdist = { url = "https://files.pythonhosted.org/packages/f9/e2/3e91f31a7d2b083fe6ef3fa267035b518369d9511ffab804f839851d2779/pluggy-1.6.0.tar.gz", hash = "sha256:7dcc130b76258d33b90f61b658791dede3486c3e6bfb003ee5c9bfb396dd22f3", size = 69412, upload-time = "2025-05-15T12:30:07.975Z" }
wheels = [
    { url = "https://files.pythonhosted.org/packages/54/20/4d324d65cc6d9205fabedc306948156824eb9f0ee1633355a8f7ec5c66bf/pluggy-1.6.0-py3-none-any.whl", hash = "sha256:e920276dd6813095e9377c0bc5566d94c932c33b27a3e3945d8389c374dd4746", size = 20538, upload-time = "2025-05-15T12:30:06.134Z" },
]

[[package]]
name = "py"
version = "1.11.0"
source = { registry = "https://pypi.org/simple" }
sdist = { url = "https://files.pythonhosted.org/packages/98/ff/fec109ceb715d2a6b4c4a85a61af3b40c723a961e8828319fbcb15b868dc/py-1.11.0.tar.gz", hash = "sha256:51c75c4126074b472f746a24399ad32f6053d1b34b68d2fa41e558e6f4a98719", size = 207796, upload-time = "2021-11-04T17:17:01.377Z" }
wheels = [
    { url = "https://files.pythonhosted.org/packages/f6/f0/10642828a8dfb741e5f3fbaac830550a518a775c7fff6f04a007259b0548/py-1.11.0-py2.py3-none-any.whl", hash = "sha256:607c53218732647dff4acdfcd50cb62615cedf612e72d1724fb1a0cc6405b378", size = 98708, upload-time = "2021-11-04T17:17:00.152Z" },
]

[[package]]
name = "pygments"
version = "2.20.0"
source = { registry = "https://pypi.org/simple" }
sdist = { url = "https://files.pythonhosted.org/packages/c3/b2/bc9c9196916376152d655522fdcebac55e66de6603a76a02bca1b6414f6c/pygments-2.20.0.tar.gz", hash = "sha256:6757cd03768053ff99f3039c1a36d6c0aa0b263438fcab17520b30a303a82b5f", size = 4955991, upload-time = "2026-03-29T13:29:33.898Z" }
wheels = [
    { url = "https://files.pythonhosted.org/packages/f4/7e/a72dd26f3b0f4f2bf1dd8923c85f7ceb43172af56d63c7383eb62b332364/pygments-2.20.0-py3-none-any.whl", hash = "sha256:81a9e26dd42fd28a23a2d169d86d7ac03b46e2f8b59ed4698fb4785f946d0176", size = 1231151, upload-time = "2026-03-29T13:29:30.038Z" },
]

[[package]]
name = "pytest"
version = "9.1.1"
source = { registry = "https://pypi.org/simple" }
dependencies = [
    { name = "colorama", marker = "sys_platform == 'win32'" },
    { name = "iniconfig" },
    { name = "packaging" },
    { name = "pluggy" },
    { name = "pygments" },
]
sdist = { url = "https://files.pythonhosted.org/packages/e4/47/b9efed96c114afcfa3c9d3fe98a76a1d14c74a9e266d397cf6eb64be5e01/pytest-9.1.1.tar.gz", hash = "sha256:1088fbde8f2b49d95a549a195707afa7a76a3ce9bcadc26b6d71f0ffda5fe313", size = 1636369, upload-time = "2026-06-19T10:58:32.857Z" }
wheels = [
    { url = "https://files.pythonhosted.org/packages/24/25/1de2678b631f5a49215c6c96fff41ba892b0a34df68d6d80292b1b48aa7f/pytest-9.1.1-py3-none-any.whl", hash = "sha256:37a86b45efb9a47a61a36449063e8e18d0cab3161329fc099eb21783169c4f0c", size = 386536, upload-time = "2026-06-19T10:58:31.347Z" },
]

[[package]]
name = "ruff"
version = "0.16.1"
source = { registry = "https://pypi.org/simple" }
sdist = { url = "https://files.pythonhosted.org/packages/70/25/7113f6d5498888c5fb7db34081cba7d5971c4cb1bfb26819966eee68f003/ruff-0.16.1.tar.gz", hash = "sha256:fedad7c801dabd3fb9741d76aca39246e6ddd9ca446a015875207bf19f1e6bc7", size = 4877500, upload-time = "2026-07-30T19:37:01.379Z" }
wheels = [
    { url = "https://files.pythonhosted.org/packages/1b/bd/694da69368e0973de65df2ddc73ab18d43c469d5963d9b150911de6bc513/ruff-0.16.1-py3-none-linux_armv6l.whl", hash = "sha256:58edb313b88f0c5460a26adf5f39a37a3be789494a15e3e411e35fa78b89f9a0", size = 10839126, upload-time = "2026-07-30T19:36:13.697Z" },
    { url = "https://files.pythonhosted.org/packages/3f/f0/b626e5d5bd0dd9576263658ef12885e2288afd1029a48e26ffed65ec1ac1/ruff-0.16.1-py3-none-macosx_10_12_x86_64.whl", hash = "sha256:fde5a99e2f97479af66edd6622c6d5a2a7592c77cf4153d9e4428f5eeb55b60c", size = 11070253, upload-time = "2026-07-30T19:36:17.14Z" },
    { url = "https://files.pythonhosted.org/packages/83/63/f40acfb6b35b88623e71684942b552c3edd96035f5d98f313815f7b277de/ruff-0.16.1-py3-none-macosx_11_0_arm64.whl", hash = "sha256:e0d4c20532fca4f7fa609369161d968dd28f65d83dabbd61d8e9c7edbf7001f6", size = 10561425, upload-time = "2026-07-30T19:36:20.04Z" },
    { url = "https://files.pythonhosted.org/packages/aa/dd/14ec0e9c2b4d315547dd38765004b4863e354e1b52cb308272215d9f6f6d/ruff-0.16.1-py3-none-manylinux_2_17_aarch64.manylinux2014_aarch64.whl", hash = "sha256:30affbcedf59ad5703d9c91f82266e02b47739f797e1a7b6e158e5526a6dae38", size = 10948879, upload-time = "2026-07-30T19:36:22.476Z" },
    { url = "https://files.pythonhosted.org/packages/33/e9/9d870cbae575030fdef595f04b4b97573c525b5497cce4f4498cf2f85446/ruff-0.16.1-py3-none-manylinux_2_17_armv7l.manylinux2014_armv7l.whl", hash = "sha256:24e9c631573cbca9d20f1283f8f479b2afa4a8503504822bd71a293889f16743", size = 10643691, upload-time = "2026-07-30T19:36:24.914Z" },
    { url = "https://files.pythonhosted.org/packages/c4/09/12743d544e2173f53ecd27217c65f90d2bc0f8424a66a60339e56bbc0457/ruff-0.16.1-py3-none-manylinux_2_17_i686.manylinux2014_i686.whl", hash = "sha256:b41bdd48fb420987a9b5212e4957c26ad4abce401fa9ea9d4d85843727945f4f", size = 11435354, upload-time = "2026-07-30T19:36:28.447Z" },
    { url = "https://files.pythonhosted.org/packages/7f/89/a1652b2daee52083c9554a6333b678a8b01d0400f976827bb87857f9449a/ruff-0.16.1-py3-none-manylinux_2_17_ppc64le.manylinux2014_ppc64le.whl", hash = "sha256:b0d1e1393b7648079e13669de1c1f4fde06d4583e84d8fd5c1551e0a77a2aa75", size = 12259033, upload-time = "2026-07-30T19:36:31.326Z" },
    { url = "https://files.pythonhosted.org/packages/16/96/ecdcb8c54ee7b123b487f807eb014e6e019155a0b81dfb669acd52f28ce3/ruff-0.16.1-py3-none-manylinux_2_17_s390x.manylinux2014_s390x.whl", hash = "sha256:07bf434b1c95f4e093be4532068ef4fcf00924eb2ade8796075980902d6fd54a", size = 11667981, upload-time = "2026-07-30T19:36:34.394Z" },
    { url = "https://files.pythonhosted.org/packages/cd/90/c52e12e0d862e9572f2a33aa227409143520abe53111e9a6babbac7b4af8/ruff-0.16.1-py3-none-manylinux_2_17_x86_64.manylinux2014_x86_64.whl", hash = "sha256:39897739f112253ee4fdd2e8aa9a4f9ded99fb2be367d5f31dfa4ded6025584c", size = 11468183, upload-time = "2026-07-30T19:36:37.339Z" },
    { url = "https://files.pythonhosted.org/packages/2c/6b/4ffb7ad1d83eb16cf8cbb3c8815d3f11c88460fd162d4b372a2059be1c2a/ruff-0.16.1-py3-none-manylinux_2_31_riscv64.whl", hash = "sha256:82ae3c0c0d74daf17b968a10b7b3bb3ef297ab7de0c1f749646b25e690ccb150", size = 11470071, upload-time = "2026-07-30T19:36:39.91Z" },
    { url = "https://files.pythonhosted.org/packages/9c/72/32ae7db4c0b5e32ab611787caa19d1546800676d79f7483b7100a3561bf4/ruff-0.16.1-py3-none-musllinux_1_2_aarch64.whl", hash = "sha256:4d5f2ed10f8242d83fc08d521301089364e3375375705356f20c0e31606ef3ef", size = 10919503, upload-time = "2026-07-30T19:36:42.65Z" },
    { url = "https://files.pythonhosted.org/packages/f7/ca/3d901ba6ad6fc38da39c3448fc6c59ac945679293a17c3ceb6d6c1cba13e/ruff-0.16.1-py3-none-musllinux_1_2_armv7l.whl", hash = "sha256:a4665b309891f83f3e3c25447935f1213e9abbd4b5640af7a1f2def9f8d413c1", size = 10649861, upload-time = "2026-07-30T19:36:45.18Z" },
    { url = "https://files.pythonhosted.org/packages/92/79/894ef1ced26552d5f8c9cf6d85b0687840e1128c55aeab7b9c2d54a0d880/ruff-0.16.1-py3-none-musllinux_1_2_i686.whl", hash = "sha256:26e9ca5c9bc3971f20d3cf18a957f52ffd6a5f6564ff15c4912a144dcac22494", size = 11148137, upload-time = "2026-07-30T19:36:47.936Z" },
    { url = "https://files.pythonhosted.org/packages/2d/69/3609a09fa1cb46cc28b762363e440a354204e5dff01bd0c8d7437874d6b9/ruff-0.16.1-py3-none-musllinux_1_2_x86_64.whl", hash = "sha256:67e1e1e3fa4f0c82f0e36d4cd61e661f6e7a6196cb1aa92fe0828fa7b8f257cd", size = 11559211, upload-time = "2026-07-30T19:36:50.448Z" },
    { url = "https://files.pythonhosted.org/packages/fc/8a/fb22af2fd78a736e241fabf67e30ce1799a64244026377a49e133af90762/ruff-0.16.1-py3-none-win32.whl", hash = "sha256:d31765e131295b8445caf301e3e8a85b34d1b9b211b4109b7ba457888b051806", size = 10838258, upload-time = "2026-07-30T19:36:53.298Z" },
    { url = "https://files.pythonhosted.org/packages/d4/35/e57fd9fb5d423961df087a00b12d42c0a830288dc2f3b45ecca299158b4f/ruff-0.16.1-py3-none-win_amd64.whl", hash = "sha256:09b05e8b90c2cb06ad63464350e7a45e8e44a2dfe52072ebfba6666ca8d3f596", size = 11961111, upload-time = "2026-07-30T19:36:56.107Z" },
    { url = "https://files.pythonhosted.org/packages/cb/46/240ea004bf6dc4feb40e9832f2205a476a47dd5b8a3f8211a5fc5f95e20e/ruff-0.16.1-py3-none-win_arm64.whl", hash = "sha256:dbaadaac38c70239f056d306b7476f246b0bf000fa6b3876402acbf5b227eaf8", size = 11309414, upload-time = "2026-07-30T19:36:58.79Z" },
]

[[package]]
name = "sortedcontainers"
version = "2.4.0"
source = { registry = "https://pypi.org/simple" }
sdist = { url = "https://files.pythonhosted.org/packages/e8/c4/ba2f8066cceb6f23394729afe52f3bf7adec04bf9ed2c820b39e19299111/sortedcontainers-2.4.0.tar.gz", hash = "sha256:25caa5a06cc30b6b83d11423433f65d1f9d76c4c6a0c90e3379eaa43b9bfdb88", size = 30594, upload-time = "2021-05-16T22:03:42.897Z" }
wheels = [
    { url = "https://files.pythonhosted.org/packages/32/46/9cb0e58b2deb7f82b84065f37f3bffeb12413f947f9388e4cac22c4621ce/sortedcontainers-2.4.0-py2.py3-none-any.whl", hash = "sha256:a163dcaede0f1c021485e957a39245190e74249897e2ae4b2aa38595db237ee0", size = 29575, upload-time = "2021-05-16T22:03:41.177Z" },
]

[[package]]
name = "tabulate"
version = "0.10.0"
source = { registry = "https://pypi.org/simple" }
sdist = { url = "https://files.pythonhosted.org/packages/46/58/8c37dea7bbf769b20d58e7ace7e5edfe65b849442b00ffcdd56be88697c6/tabulate-0.10.0.tar.gz", hash = "sha256:e2cfde8f79420f6deeffdeda9aaec3b6bc5abce947655d17ac662b126e48a60d", size = 91754, upload-time = "2026-03-04T18:55:34.402Z" }
wheels = [
    { url = "https://files.pythonhosted.org/packages/99/55/db07de81b5c630da5cbf5c7df646580ca26dfaefa593667fc6f2fe016d2e/tabulate-0.10.0-py3-none-any.whl", hash = "sha256:f0b0622e567335c8fabaaa659f1b33bcb6ddfe2e496071b743aa113f8774f2d3", size = 39814, upload-time = "2026-03-04T18:55:31.284Z" },
]

[[package]]
name = "ty"
version = "0.0.65"
source = { registry = "https://pypi.org/simple" }
sdist = { url = "https://files.pythonhosted.org/packages/d6/54/cf561927e8e9ab5c1892a833b664aa9cd6f051a75f6280c66d8047246bda/ty-0.0.65.tar.gz", hash = "sha256:b7134bffcc00b715fa8291e84d845782ced810a998dc1f7f11d71c85c4046325", size = 6460098, upload-time = "2026-07-29T18:31:03.27Z" }
wheels = [
    { url = "https://files.pythonhosted.org/packages/7b/4e/71e2d325d2b53a1afad81624ad076b2ede413213fc4a18cb05b78c568571/ty-0.0.65-py3-none-linux_armv6l.whl", hash = "sha256:dc556c9f05408bef4c4ef02b2cc382e4e5f797b4b20d64410289848f0d76705f", size = 12298466, upload-time = "2026-07-29T18:30:12.744Z" },
    { url = "https://files.pythonhosted.org/packages/57/77/fec8f29647c55794efa430a7f365e44f5ce7ffb6459d9445a87fac569bec/ty-0.0.65-py3-none-macosx_10_12_x86_64.whl", hash = "sha256:29d2e0d34cc0a28a17ef0cf81135c5ebabc3562131f9079138ba5e7bae0f56bd", size = 11942421, upload-time = "2026-07-29T18:30:16.076Z" },
    { url = "https://files.pythonhosted.org/packages/13/09/7f3766aef9dc627e2698cf4e3e59cf53389dcae3812040d33c1aa931230f/ty-0.0.65-py3-none-macosx_11_0_arm64.whl", hash = "sha256:685f49a9312bbf69d5b65bbb66384fed1f927403ea030c217b9289092d7e46c4", size = 11451922, upload-time = "2026-07-29T18:30:19.155Z" },
    { url = "https://files.pythonhosted.org/packages/cb/7b/1a77cd50e0befb50f55b8bf9bd3ed3eddf184bf28c61b56727039e0774fc/ty-0.0.65-py3-none-manylinux_2_17_aarch64.manylinux2014_aarch64.whl", hash = "sha256:6f564b5ebe78e2f3a8e7b8eacb1292eb88b7c0f3c8630671cfca31abc0709cd9", size = 11994999, upload-time = "2026-07-29T18:30:22.315Z" },
    { url = "https://files.pythonhosted.org/packages/63/7b/feda16f3a4a0a99be27431e0c9598eeeec0db1eb2fec9a15976698209418/ty-0.0.65-py3-none-manylinux_2_17_armv7l.manylinux2014_armv7l.whl", hash = "sha256:c983e156fe9e113fb56389e13d327b6b8549fe866de9b269684723a88e9b732d", size = 12090662, upload-time = "2026-07-29T18:30:24.93Z" },
    { url = "https://files.pythonhosted.org/packages/ed/3e/3f69bf9c9307dbdc0771719f65ce5b556e7bdeeaccbdd599d4f57866d801/ty-0.0.65-py3-none-manylinux_2_17_i686.manylinux2014_i686.whl", hash = "sha256:e3663b7396e8b1a9954e20e732de7ccb0192bf4118473069b4945920d6923921", size = 12822094, upload-time = "2026-07-29T18:30:28.012Z" },
    { url = "https://files.pythonhosted.org/packages/90/38/8fa791b3bb503ee2b46ad81690cd1bdd54519582df6d805cee57fe143e85/ty-0.0.65-py3-none-manylinux_2_17_ppc64le.manylinux2014_ppc64le.whl", hash = "sha256:306ed01f29d6e108e98feb233dbbf5878a027603b71bd3743b343977933a9f16", size = 13357833, upload-time = "2026-07-29T18:30:31.122Z" },
    { url = "https://files.pythonhosted.org/packages/c1/73/4dda396a201e1dd0ed3594a9b48e559cb41c4bc048c6cd4c4d1b39eb4313/ty-0.0.65-py3-none-manylinux_2_17_s390x.manylinux2014_s390x.whl", hash = "sha256:28bcfc8898c94f079a9100e684bcf312b6a64ad3a7d4ebb35a4591546030a2cd", size = 12977303, upload-time = "2026-07-29T18:30:33.944Z" },
    { url = "https://files.pythonhosted.org/packages/a5/26/c250c2c569adc53a8591716641388397bcb2a442e4a30b952ae81b50c0e0/ty-0.0.65-py3-none-manylinux_2_17_x86_64.manylinux2014_x86_64.whl", hash = "sha256:5a75bd0c245c38802a8f488378e74f92feb7dd33db7d63fbdd6fdf82791ba730", size = 12579338, upload-time = "2026-07-29T18:30:37.199Z" },
    { url = "https://files.pythonhosted.org/packages/d3/94/4a5647d44753ca218fc930d7e4d9bf468d0ed4a0ad4b3d57588bc1bbacf7/ty-0.0.65-py3-none-manylinux_2_31_riscv64.whl", hash = "sha256:9e5e1bdea9662d2b5312b4e99f319f4e6e2ea427511b5fbc546141b79ec53f76", size = 12957731, upload-time = "2026-07-29T18:30:39.937Z" },
    { url = "https://files.pythonhosted.org/packages/36/b6/1e22fa11a1e0dfb20b1c7f3cbfd8170273aada2a82f9ecd3055275370c44/ty-0.0.65-py3-none-musllinux_1_2_aarch64.whl", hash = "sha256:03a88493d4842889f65280ae241e06b399d57eb3c63571054cad21a4c33b3b69", size = 11938625, upload-time = "2026-07-29T18:30:42.603Z" },
    { url = "https://files.pythonhosted.org/packages/5c/0a/fe5f22ef62b193201bc5566762e22049762cd485bfafb5095a7050760054/ty-0.0.65-py3-none-musllinux_1_2_armv7l.whl", hash = "sha256:600b8bf6f4940cf7ffb2f43d3716faaf38dcb97cd8617c55771451bc0276408f", size = 12105592, upload-time = "2026-07-29T18:30:45.419Z" },
    { url = "https://files.pythonhosted.org/packages/76/fd/922b3a6e9d697452cdbb4b7e3f636868add5ec652154518a736e4364f3b7/ty-0.0.65-py3-none-musllinux_1_2_i686.whl", hash = "sha256:0c28007bc79d648c1ddaf1e65885d07baec48eb87240da442f608e4107c1b7d8", size = 12387335, upload-time = "2026-07-29T18:30:48.405Z" },
    { url = "https://files.pythonhosted.org/packages/77/22/a1a08ebc84c083db2fb55e3b5cd186db0c067692f4921146f601360231e2/ty-0.0.65-py3-none-musllinux_1_2_x86_64.whl", hash = "sha256:c852da96091ad22361e6586b7c7ba98e1334dcd4d8ffb67e47f4fb673de33f77", size = 12682710, upload-time = "2026-07-29T18:30:51.364Z" },
    { url = "https://files.pythonhosted.org/packages/81/14/eaaa410a25bbdea19722109b5422380a0e211b3afcf3071d15953ddbd5db/ty-0.0.65-py3-none-win32.whl", hash = "sha256:cf529d538f1403b14b0511e6ec3cdb95d3d974adabf24cc76cedc533368c3edc", size = 11692341, upload-time = "2026-07-29T18:30:54.35Z" },
    { url = "https://files.pythonhosted.org/packages/bc/0f/6d48f206dce9d7e53fe3b5ea0f0ab5800dd9d2365b2b48f736783436c43f/ty-0.0.65-py3-none-win_amd64.whl", hash = "sha256:234a321e33c7cbbfbd67bfa0b01b685dd9c21f1841781a21e5ca1fa0b25f1d5d", size = 12729355, upload-time = "2026-07-29T18:30:57.275Z" },
    { url = "https://files.pythonhosted.org/packages/96/aa/7446f7725e303cf78e058c893af1f0552b9451895454908706f4c6c3494b/ty-0.0.65-py3-none-win_arm64.whl", hash = "sha256:b9424be1ec56d93ff18609fb1c0a0a2283fe1282cd6d1c7604f97d73b94d61f2", size = 12051375, upload-time = "2026-07-29T18:31:00.579Z" },
]
